Microsoft Visual Studio Solution File, Format Version 12.00
# Visual Studio Version 18
VisualStudioVersion = 18.6.11828.311
MinimumVisualStudioVersion = 10.0.40219.1
Project("{FAE04EC0-301F-11D3-BF4B-00C04F79EFBC}") = "GrafcetStudio.App", "src\GrafcetStudio.App\GrafcetStudio.App.csproj", "{A5AE9E1C-F42D-4740-89E2-5E3373A2C2B2}"
EndProject
Project("{FAE04EC0-301F-11D3-BF4B-00C04F79EFBC}") = "SimaticML", "src\SimaticML\SimaticML.csproj", "{20B6B834-A775-A4D1-C177-408965FD8A49}"
EndProject
Project("{FAE04EC0-301F-11D3-BF4B-00C04F79EFBC}") = "GrafcetStudio.TiaBridge.Contracts", "src\GrafcetStudio.TiaBridge.Contracts\GrafcetStudio.TiaBridge.Contracts.csproj", "{5F0E7D03-9528-4C08-8A26-0AFA20C1F9C2}"
EndProject
Project("{FAE04EC0-301F-11D3-BF4B-00C04F79EFBC}") = "GrafcetStudio.TiaBridge.V19", "src\GrafcetStudio.TiaBridge.V19\GrafcetStudio.TiaBridge.V19.csproj", "{6C603372-FFBE-4E84-84C5-C811C7D1AF2F}"
EndProject
Global
	GlobalSection(SolutionConfigurationPlatforms) = preSolution
		Debug|Any CPU = Debug|Any CPU
		Release|Any CPU = Release|Any CPU
	EndGlobalSection
	GlobalSection(ProjectConfigurationPlatforms) = postSolution
		{A5AE9E1C-F42D-4740-89E2-5E3373A2C2B2}.Debug|Any CPU.ActiveCfg = Debug|Any CPU
		{A5AE9E1C-F42D-4740-89E2-5E3373A2C2B2}.Debug|Any CPU.Build.0 = Debug|Any CPU
		{A5AE9E1C-F42D-4740-89E2-5E3373A2C2B2}.Release|Any CPU.ActiveCfg = Release|Any CPU
		{A5AE9E1C-F42D-4740-89E2-5E3373A2C2B2}.Release|Any CPU.Build.0 = Release|Any CPU
		{20B6B834-A775-A4D1-C177-408965FD8A49}.Debug|Any CPU.ActiveCfg = Debug|Any CPU
		{20B6B834-A775-A4D1-C177-408965FD8A49}.Debug|Any CPU.Build.0 = Debug|Any CPU
		{20B6B834-A775-A4D1-C177-408965FD8A49}.Release|Any CPU.ActiveCfg = Release|Any CPU
		{20B6B834-A775-A4D1-C177-408965FD8A49}.Release|Any CPU.Build.0 = Release|Any CPU
		{5F0E7D03-9528-4C08-8A26-0AFA20C1F9C2}.Debug|Any CPU.ActiveCfg = Debug|Any CPU
		{5F0E7D03-9528-4C08-8A26-0AFA20C1F9C2}.Debug|Any CPU.Build.0 = Debug|Any CPU
		{5F0E7D03-9528-4C08-8A26-0AFA20C1F9C2}.Release|Any CPU.ActiveCfg = Release|Any CPU
		{5F0E7D03-9528-4C08-8A26-0AFA20C1F9C2}.Release|Any CPU.Build.0 = Release|Any CPU
		{6C603372-FFBE-4E84-84C5-C811C7D1AF2F}.Debug|Any CPU.ActiveCfg = Debug|Any CPU
		{6C603372-FFBE-4E84-84C5-C811C7D1AF2F}.Debug|Any CPU.Build.0 = Debug|Any CPU
		{6C603372-FFBE-4E84-84C5-C811C7D1AF2F}.Release|Any CPU.ActiveCfg = Release|Any CPU
		{6C603372-FFBE-4E84-84C5-C811C7D1AF2F}.Release|Any CPU.Build.0 = Release|Any CPU
	EndGlobalSection
	GlobalSection(SolutionProperties) = preSolution
		HideSolutionNode = FALSE
	EndGlobalSection
	GlobalSection(ExtensibilityGlobals) = postSolution
		SolutionGuid = {ADB36C7E-5328-4CE7-9E7A-1263813705D1}
	EndGlobalSection
EndGlobal
